{
  "lockfileVersion": 1,
  "configVersion": 0,
  "workspaces": {
    "": {
      "name": "cv",
      "dependencies": {
        "0http": "^5.0.0",
        "@minify-html/node": "^0.18.1",
        "compression": "^1.8.1",
        "lowdb": "^7.0.1",
        "puppeteer": "^25.1.0",
        "serve-static": "^2.2.1",
      },
      "devDependencies": {
        "oxfmt": "^0.52.0",
      },
    },
  },
  "packages": {
    "0http": ["0http@5.0.0", "", { "dependencies": { "lru-cache": "^11.2.1", "regexparam": "^3.0.0", "trouter": "^4.0.0" } }, "sha512-JFAdreXHx81F4+Al9pWqxR0ynL3KPvCNFI5KrDJd+IoMh81ZACcXE8rSwGlgPp3ds7LWCtQOGOxQEyaPQI+Vmw=="],

    "@minify-html/node": ["@minify-html/node@0.18.1", "", { "optionalDependencies": { "@minify-html/node-darwin-arm64": "0.18.1", "@minify-html/node-darwin-x64": "0.18.1", "@minify-html/node-linux-arm64": "0.18.1", "@minify-html/node-linux-x64": "0.18.1", "@minify-html/node-win32-x64": "0.18.1" }, "bin": { "minify-html": "cli.js" } }, "sha512-pNOv6z9zUDrjTU1+VcPOnDzGeaaqd6m9kbyHU+sg9O35450uzfke8ahx8gKlFdp/kQFrRn2rFIGAoANUZ62nSw=="],

    "@minify-html/node-darwin-arm64": ["@minify-html/node-darwin-arm64@0.18.1", "", { "os": "darwin", "cpu": "arm64" }, "sha512-sc/VJHRcHtEk0IQP2hRA/TWkAQntaYH3RCw8n750NbfzliQqkyrDqNAGiKBOli7UlhFtG/H2aWqGjtOjIM/dZA=="],

    "@minify-html/node-darwin-x64": ["@minify-html/node-darwin-x64@0.18.1", "", { "os": "darwin", "cpu": "x64" }, "sha512-0bff2ng4Vgp3+kdC8zgjd5dMN04zkM4nGuYEVP4dLR7J5NCD/Ka4XD4CKNSDZ9goLYQ8BjtKD6AeDTfJ8KBjrA=="],

    "@minify-html/node-linux-arm64": ["@minify-html/node-linux-arm64@0.18.1", "", { "os": "linux", "cpu": "arm64" }, "sha512-CVGu5XVmmDrGFuA9/b/695rJBFvfTZFwKJJYA1ZXAsBZrqlKVO4bfXPq9DVNmhQ76ky3LFtVZ/+UsU7xpyK5Qw=="],

    "@minify-html/node-linux-x64": ["@minify-html/node-linux-x64@0.18.1", "", { "os": "linux", "cpu": "x64" }, "sha512-qmIv4kRyhZTKO3nXDXHlFrhnmwIKTM57ZRomlYRYdZTWiFW3CbJ4Ggg57qIgx7D/t4dgyS7/O8OTetrWvmEg9w=="],

    "@minify-html/node-win32-x64": ["@minify-html/node-win32-x64@0.18.1", "", { "os": "win32", "cpu": "x64" }, "sha512-SNRE/NvcKXvh4UwXTRrujNSWaCj/3E+FFN+FLOBaN4FY+dZG83h6nWxGHJ5+LAoJxVTU7Al1e8toi4JjHpzv2w=="],

    "@oxfmt/binding-android-arm-eabi": ["@oxfmt/binding-android-arm-eabi@0.52.0", "", { "os": "android", "cpu": "arm" }, "sha512-17EMSJnQ9g+upVHrAUYDMfH5lvRKQ9Nvg8WtEoH72oDr1VpWz+7/o3tD97U1EToen2YAQ/68JmtDYkQUi20dfQ=="],

    "@oxfmt/binding-android-arm64": ["@oxfmt/binding-android-arm64@0.52.0", "", { "os": "android", "cpu": "arm64" }, "sha512-A2G1IdwGEW2lLJkIxcvuirRH1CzSl/e0NX11zTlW1gvxJThfwbI/BEoaKrTNpm7M2FchvIf6guvIQU7d5iz+OQ=="],

    "@oxfmt/binding-darwin-arm64": ["@oxfmt/binding-darwin-arm64@0.52.0", "", { "os": "darwin", "cpu": "arm64" }, "sha512-f9+bLvOYxy7NttCLFTvQ7afmqDOWY4wIP9xdvfj5trQ1qj6f2UFAGwZESlfsMjvJNTyRpXfIlOanCI9FOvoeQA=="],

    "@oxfmt/binding-darwin-x64": ["@oxfmt/binding-darwin-x64@0.52.0", "", { "os": "darwin", "cpu": "x64" }, "sha512-YSTB9sJ5nnQd/Q0ddHkgof0ZCHPAnWZT1IW2SJ8omz7CP7KluJhO1fNHrpqdxCtpztJwSs4hY1uAee35wKxxaw=="],

    "@oxfmt/binding-freebsd-x64": ["@oxfmt/binding-freebsd-x64@0.52.0", "", { "os": "freebsd", "cpu": "x64" }, "sha512-NIrRNTTPCs4UbmVs0bxLSCDlLCtIRMJIXklNKaXa5Oj2/K1UIMBvgE8+uPVo01Io3N9HF0+GAX+aAHjUgZS7vA=="],

    "@oxfmt/binding-linux-arm-gnueabihf": ["@oxfmt/binding-linux-arm-gnueabihf@0.52.0", "", { "os": "linux", "cpu": "arm" }, "sha512-JXUCde8mn3GpgQouz2PXUokgy/uT1QrRJBL2s983VWcSQp62wTFYiNXgTKdeo1Jgbr0IgUnKKvzIk/YBlj/nVQ=="],

    "@oxfmt/binding-linux-arm-musleabihf": ["@oxfmt/binding-linux-arm-musleabihf@0.52.0", "", { "os": "linux", "cpu": "arm" }, "sha512-psbUXaRZ+V8DaXz10Qf7LSHtdtdKAmC8fxXgeU608jjzrmWK4quamZMOpl6sf+dikoFHA85uE93Q0BqxrCdQrQ=="],

    "@oxfmt/binding-linux-arm64-gnu": ["@oxfmt/binding-linux-arm64-gnu@0.52.0", "", { "os": "linux", "cpu": "arm64" }, "sha512-Jw7MgWUU9lcLCcy82updISP3EthTlfvAwR6gWNxPzqly7+fLvOi2gHQE9xXQjpqaVLm/8P+gOzlv9ODuoVlaaw=="],

    "@oxfmt/binding-linux-arm64-musl": ["@oxfmt/binding-linux-arm64-musl@0.52.0", "", { "os": "linux", "cpu": "arm64" }, "sha512-wZg6bLjDvh2KibyI3QFUYo8GTXneIFsd0JvehtvJiUmQ8WRPERgxd/VM4ctWb86U5FT1FkqgS8/wZKVB+AZScg=="],

    "@oxfmt/binding-linux-ppc64-gnu": ["@oxfmt/binding-linux-ppc64-gnu@0.52.0", "", { "os": "linux", "cpu": "ppc64" }, "sha512-IngE8uxhNvxcMrLjZNDo9xNLY7rEK33AKnaMd2B46he1e/mz2CfcW6If/U1wUjdRZddm1QzQaciqZkuMkdh1FA=="],

    "@oxfmt/binding-linux-riscv64-gnu": ["@oxfmt/binding-linux-riscv64-gnu@0.52.0", "", { "os": "linux", "cpu": "none" }, "sha512-H3+DdFMv/efN3Efmhsv18jDrpiWWqKG7wsfAlQBqAt6z/E2Bx+TwEj2Nowe51CPOWB8/mFBC2dAMSgVFLvvowA=="],

    "@oxfmt/binding-linux-riscv64-musl": ["@oxfmt/binding-linux-riscv64-musl@0.52.0", "", { "os": "linux", "cpu": "none" }, "sha512-zji+1kb7lJKohSDjzC1IsS+K/cKRs1hdVf0ZH0VbdbiakmtLvN9twBoXo/k8VdjFax7kfo+DyPxS7vv52br1aw=="],

    "@oxfmt/binding-linux-s390x-gnu": ["@oxfmt/binding-linux-s390x-gnu@0.52.0", "", { "os": "linux", "cpu": "s390x" }, "sha512-hcLBYedpCy7ToUvvBidWk7+11Yhg1oAZ4+6hKPic/mQI6NaqXJSXMps5nFlwUuX2ewhtLZZDPg63TI042qGKBg=="],

    "@oxfmt/binding-linux-x64-gnu": ["@oxfmt/binding-linux-x64-gnu@0.52.0", "", { "os": "linux", "cpu": "x64" }, "sha512-IDO2loXK2OtTOhSPchU9MW25mWL2QCDGdJbjN8MXKZVS80qXe5gMTwQWu/gMJ3juoBHbkuUZNB2N1LHzNT7DoA=="],

    "@oxfmt/binding-linux-x64-musl": ["@oxfmt/binding-linux-x64-musl@0.52.0", "", { "os": "linux", "cpu": "x64" }, "sha512-mAV2Hjn0SatJ+KoAzKUC3eJhdJ8wv+3m1KyuS0dTsbF0c5weq+QrCt/DRZZM+uj/XiKzCDEUKYsBF30e2qkcyw=="],

    "@oxfmt/binding-openharmony-arm64": ["@oxfmt/binding-openharmony-arm64@0.52.0", "", { "os": "none", "cpu": "arm64" }, "sha512-vd4npaUIwChxp7XzkqmepBWTT9YMcSe/NBApVGPC30/lLyOVaV3dvma1SKo03t8O73BPRAG7EyJzGlN5cJM5hQ=="],

    "@oxfmt/binding-win32-arm64-msvc": ["@oxfmt/binding-win32-arm64-msvc@0.52.0", "", { "os": "win32", "cpu": "arm64" }, "sha512-k2sz6gWQdMfh5HPpIS+Bw/0UEV/kaK2xuqJRrWL233sEHx9WLlsmvlPFM4HUNThkYbSN0U0vPW7LVKZWDS8hPQ=="],

    "@oxfmt/binding-win32-ia32-msvc": ["@oxfmt/binding-win32-ia32-msvc@0.52.0", "", { "os": "win32", "cpu": "ia32" }, "sha512-rhke69GTcArodLHpjMTfNnvjTEBryDeZcUCKK/VjXDMtfTULl6QRh0ymX5/hbCUv2WjYm9h/QbW++q2vE15gWQ=="],

    "@oxfmt/binding-win32-x64-msvc": ["@oxfmt/binding-win32-x64-msvc@0.52.0", "", { "os": "win32", "cpu": "x64" }, "sha512-q5xL7oeXkZdEtNZWBdvehJcmt+GRu9l2bK40yJs1jJXlqq+r0Hygb1rTjq+FM2o/2xyt4cufH6KRplHp3Jjsvw=="],

    "@puppeteer/browsers": ["@puppeteer/browsers@3.0.4", "", { "dependencies": { "modern-tar": "^0.7.6", "yargs": "^17.7.2" }, "peerDependencies": { "proxy-agent": ">=8.0.1" }, "optionalPeers": ["proxy-agent"], "bin": { "browsers": "lib/main-cli.js" } }, "sha512-HGM8iAmGTf+Y7t0373szVbTmt3d7vPkYL/1bpOkOFO0YUYLgSeuYBCzESklogNPvOBnZ/MRD5f07OkpqH1trtA=="],

    "ansi-regex": ["ansi-regex@5.0.1", "", {}, "sha512-quJQXlTSUGL2LH9SUXo8VwsY4soanhgo6LNSm84E1LBcE8s3O0wpdiRzyR9z/ZZJMlMWv37qOOb9pdJlMUEKFQ=="],

    "ansi-styles": ["ansi-styles@4.3.0", "", { "dependencies": { "color-convert": "^2.0.1" } }, "sha512-zbB9rCJAT1rbjiVDb2hqKFHNYLxgtk8NURxZ3IZwD3F6NtxbXZQCnnSi1Lkx+IDohdPlFp222wVALIheZJQSEg=="],

    "bytes": ["bytes@3.1.2", "", {}, "sha512-/Nf7TyzTx6S3yRJObOAV7956r8cr2+Oj8AC5dt8wSP3BQAoeX58NoHyCU8P8zGkNXStjTSi6fzO6F0pBdcYbEg=="],

    "chromium-bidi": ["chromium-bidi@16.0.1", "", { "dependencies": { "mitt": "^3.0.1", "zod": "^3.24.1" }, "peerDependencies": { "devtools-protocol": "*" } }, "sha512-J63PGu/9PpeCwLIcKYyzWP6yaVL5pxuBc0shlYCYM8BaAkmlwiQboXO1iNbOgSDbVklEyYFfNEcHD8oOAWacUA=="],

    "cliui": ["cliui@8.0.1", "", { "dependencies": { "string-width": "^4.2.0", "strip-ansi": "^6.0.1", "wrap-ansi": "^7.0.0" } }, "sha512-BSeNnyus75C4//NQ9gQt1/csTXyo/8Sb+afLAkzAptFuMsod9HFokGNudZpi/oQV73hnVK+sR+5PVRMd+Dr7YQ=="],

    "color-convert": ["color-convert@2.0.1", "", { "dependencies": { "color-name": "~1.1.4" } }, "sha512-RRECPsj7iu/xb5oKYcsFHSppFNnsj/52OVTRKb4zP5onXwVF3zVmmToNcOfGC+CRDpfK/U584fMg38ZHCaElKQ=="],

    "color-name": ["color-name@1.1.4", "", {}, "sha512-dOy+3AuW3a2wNbZHIuMZpTcgjGuLU/uBL/ubcZF9OXbDo8ff4O8yVp5Bf0efS8uEoYo5q4Fx7dY9OgQGXgAsQA=="],

    "compressible": ["compressible@2.0.18", "", { "dependencies": { "mime-db": ">= 1.43.0 < 2" } }, "sha512-AF3r7P5dWxL8MxyITRMlORQNaOA2IkAFaTr4k7BUumjPtRpGDTZpl0Pb1XCO6JeDCBdp126Cgs9sMxqSjgYyRg=="],

    "compression": ["compression@1.8.1", "", { "dependencies": { "bytes": "3.1.2", "compressible": "~2.0.18", "debug": "2.6.9", "negotiator": "~0.6.4", "on-headers": "~1.1.0", "safe-buffer": "5.2.1", "vary": "~1.1.2" } }, "sha512-9mAqGPHLakhCLeNyxPkK4xVo746zQ/czLH1Ky+vkitMnWfWZps8r0qXuwhwizagCRttsL4lfG4pIOvaWLpAP0w=="],

    "debug": ["debug@2.6.9", "", { "dependencies": { "ms": "2.0.0" } }, "sha512-bC7ElrdJaJnPbAP+1EotYvqZsb3ecl5wi6Bfi6BJTUcNowp6cvspg0jXznRTKDjm/E7AdgFBVeAPVMNcKGsHMA=="],

    "depd": ["depd@2.0.0", "", {}, "sha512-g7nH6P6dyDioJogAAGprGpCtVImJhpPk/roCzdb3fIh61/s/nPsfR6onyMwkCAR/OlC3yBC0lESvUoQEAssIrw=="],

    "devtools-protocol": ["devtools-protocol@0.0.1624250", "", {}, "sha512-YFAat/lOiIk0ARmBweG+ygrEcbZrq5B9urRyUoeQKp53MlidHXE2TmTbxKcaXoQj7u/aX+jebDO4BW55rs0WwA=="],

    "ee-first": ["ee-first@1.1.1", "", {}, "sha512-WMwm9LhRUo+WUaRN+vRuETqG89IgZphVSNkdFgeb6sS/E4OrDIN7t48CAewSHXc6C8lefD8KKfr5vY61brQlow=="],

    "emoji-regex": ["emoji-regex@8.0.0", "", {}, "sha512-MSjYzcWNOA0ewAHpz0MxpYFvwg6yjy1NG3xteoqz644VCo/RPgnr1/GGt+ic3iJTzQ8Eu3TdM14SawnVUmGE6A=="],

    "encodeurl": ["encodeurl@2.0.0", "", {}, "sha512-Q0n9HRi4m6JuGIV1eFlmvJB7ZEVxu93IrMyiMsGC0lrMJMWzRgx6WGquyfQgZVb31vhGgXnfmPNNXmxnOkRBrg=="],

    "escalade": ["escalade@3.2.0", "", {}, "sha512-WUj2qlxaQtO4g6Pq5c29GTcWGDyd8itL8zTlipgECz3JesAiiOKotd8JU6otB3PACgG6xkJUyVhboMS+bje/jA=="],

    "escape-html": ["escape-html@1.0.3", "", {}, "sha512-NiSupZ4OeuGwr68lGIeym/ksIZMJodUGOSCZ/FSnTxcrekbvqrgdUxlJOMpijaKZVjAJrWrGs/6Jy8OMuyj9ow=="],

    "etag": ["etag@1.8.1", "", {}, "sha512-aIL5Fx7mawVa300al2BnEE4iNvo1qETxLrPI/o05L7z6go7fCw1J6EQmbK4FmJ2AS7kgVF/KEZWufBfdClMcPg=="],

    "fresh": ["fresh@2.0.0", "", {}, "sha512-Rx/WycZ60HOaqLKAi6cHRKKI7zxWbJ31MhntmtwMoaTeF7XFH9hhBp8vITaMidfljRQ6eYWCKkaTK+ykVJHP2A=="],

    "get-caller-file": ["get-caller-file@2.0.5", "", {}, "sha512-DyFP3BM/3YHTQOCUL/w0OZHR0lpKeGrxotcHWcqNEdnltqFwXVfhEBQ94eIo34AfQpo0rGki4cyIiftY06h2Fg=="],

    "http-errors": ["http-errors@2.0.1", "", { "dependencies": { "depd": "~2.0.0", "inherits": "~2.0.4", "setprototypeof": "~1.2.0", "statuses": "~2.0.2", "toidentifier": "~1.0.1" } }, "sha512-4FbRdAX+bSdmo4AUFuS0WNiPz8NgFt+r8ThgNWmlrjQjt1Q7ZR9+zTlce2859x4KSXrwIsaeTqDoKQmtP8pLmQ=="],

    "inherits": ["inherits@2.0.4", "", {}, "sha512-k/vGaX4/Yla3WzyMCvTQOXYeIHvqOKtnqBduzTHpzpQZzAskKMhZ2K+EnBiSM9zGSoIFeMpXKxa4dYeZIQqewQ=="],

    "is-fullwidth-code-point": ["is-fullwidth-code-point@3.0.0", "", {}, "sha512-zymm5+u+sCsSWyD9qNaejV3DFvhCKclKdizYaJUuHA83RLjb7nSuGnddCHGv0hk+KY7BMAlsWeK4Ueg6EV6XQg=="],

    "lilconfig": ["lilconfig@3.1.3", "", {}, "sha512-/vlFKAoH5Cgt3Ie+JLhRbwOsCQePABiU3tJ1egGvyQ+33R/vcwM2Zl2QR/LzjsBeItPt3oSVXapn+m4nQDvpzw=="],

    "lowdb": ["lowdb@7.0.1", "", { "dependencies": { "steno": "^4.0.2" } }, "sha512-neJAj8GwF0e8EpycYIDFqEPcx9Qz4GUho20jWFR7YiFeXzF1YMLdxB36PypcTSPMA+4+LvgyMacYhlr18Zlymw=="],

    "lru-cache": ["lru-cache@11.2.7", "", {}, "sha512-aY/R+aEsRelme17KGQa/1ZSIpLpNYYrhcrepKTZgE+W3WM16YMCaPwOHLHsmopZHELU0Ojin1lPVxKR0MihncA=="],

    "mime-db": ["mime-db@1.54.0", "", {}, "sha512-aU5EJuIN2WDemCcAp2vFBfp/m4EAhWJnUNSSw0ixs7/kXbd6Pg64EmwJkNdFhB8aWt1sH2CTXrLxo/iAGV3oPQ=="],

    "mime-types": ["mime-types@3.0.2", "", { "dependencies": { "mime-db": "^1.54.0" } }, "sha512-Lbgzdk0h4juoQ9fCKXW4by0UJqj+nOOrI9MJ1sSj4nI8aI2eo1qmvQEie4VD1glsS250n15LsWsYtCugiStS5A=="],

    "mitt": ["mitt@3.0.1", "", {}, "sha512-vKivATfr97l2/QBCYAkXYDbrIWPM2IIKEl7YPhjCvKlG3kE2gm+uBo6nEXK3M5/Ffh/FLpKExzOQ3JJoJGFKBw=="],

    "modern-tar": ["modern-tar@0.7.6", "", {}, "sha512-sweCIVXzx1aIGTCdzcMlSZt1h8k5Tmk08VNAuRk3IU28XamGiOH5ypi11g6De2CH7PhYqSSnGy2A/EFhbWnVKg=="],

    "ms": ["ms@2.0.0", "", {}, "sha512-Tpp60P6IUJDTuOq/5Z8cdskzJujfwqfOTkrwIwj7IRISpnkJnT6SyJ4PCPnGMoFjC9ddhal5KVIYtAt97ix05A=="],

    "negotiator": ["negotiator@0.6.4", "", {}, "sha512-myRT3DiWPHqho5PrJaIRyaMv2kgYf0mUVgBNOYMuCH5Ki1yEiQaf/ZJuQ62nvpc44wL5WDbTX7yGJi1Neevw8w=="],

    "on-finished": ["on-finished@2.4.1", "", { "dependencies": { "ee-first": "1.1.1" } }, "sha512-oVlzkg3ENAhCk2zdv7IJwd/QUD4z2RxRwpkcGY8psCVcCYZNq4wYnVWALHM+brtuJjePWiYF/ClmuDr8Ch5+kg=="],

    "on-headers": ["on-headers@1.1.0", "", {}, "sha512-737ZY3yNnXy37FHkQxPzt4UZ2UWPWiCZWLvFZ4fu5cueciegX0zGPnrlY6bwRg4FdQOe9YU8MkmJwGhoMybl8A=="],

    "oxfmt": ["oxfmt@0.52.0", "", { "dependencies": { "tinypool": "2.1.0" }, "optionalDependencies": { "@oxfmt/binding-android-arm-eabi": "0.52.0", "@oxfmt/binding-android-arm64": "0.52.0", "@oxfmt/binding-darwin-arm64": "0.52.0", "@oxfmt/binding-darwin-x64": "0.52.0", "@oxfmt/binding-freebsd-x64": "0.52.0", "@oxfmt/binding-linux-arm-gnueabihf": "0.52.0", "@oxfmt/binding-linux-arm-musleabihf": "0.52.0", "@oxfmt/binding-linux-arm64-gnu": "0.52.0", "@oxfmt/binding-linux-arm64-musl": "0.52.0", "@oxfmt/binding-linux-ppc64-gnu": "0.52.0", "@oxfmt/binding-linux-riscv64-gnu": "0.52.0", "@oxfmt/binding-linux-riscv64-musl": "0.52.0", "@oxfmt/binding-linux-s390x-gnu": "0.52.0", "@oxfmt/binding-linux-x64-gnu": "0.52.0", "@oxfmt/binding-linux-x64-musl": "0.52.0", "@oxfmt/binding-openharmony-arm64": "0.52.0", "@oxfmt/binding-win32-arm64-msvc": "0.52.0", "@oxfmt/binding-win32-ia32-msvc": "0.52.0", "@oxfmt/binding-win32-x64-msvc": "0.52.0" }, "peerDependencies": { "svelte": "^5.0.0", "vite-plus": "*" }, "optionalPeers": ["svelte", "vite-plus"], "bin": { "oxfmt": "bin/oxfmt" } }, "sha512-nJlYM35F64zTDMecCNhoHNkf+D/eHv7xcjj9XDSj+bFAVtN93m7v8DQMdHd6nDG6Akf/kEYYHmDUBs2Dz27Sug=="],

    "parseurl": ["parseurl@1.3.3", "", {}, "sha512-CiyeOxFT/JZyN5m0z9PfXw4SCBJ6Sygz1Dpl0wqjlhDEGGBP1GnsUVEL0p63hoG1fcj3fHynXi9NYO4nWOL+qQ=="],

    "puppeteer": ["puppeteer@25.1.0", "", { "dependencies": { "@puppeteer/browsers": "3.0.4", "chromium-bidi": "16.0.1", "devtools-protocol": "0.0.1624250", "lilconfig": "^3.1.3", "puppeteer-core": "25.1.0", "typed-query-selector": "^2.12.2" }, "bin": { "puppeteer": "lib/puppeteer/node/cli.js" } }, "sha512-7L6/0JM7XStK99lIL4xQySyNEXNfII6pk0BxkI5kKBTOhR7AsoQiv067YTsE/rIXxQiq9ajlO4WcqBjS/FWK1A=="],

    "puppeteer-core": ["puppeteer-core@25.1.0", "", { "dependencies": { "@puppeteer/browsers": "3.0.4", "chromium-bidi": "16.0.1", "devtools-protocol": "0.0.1624250", "typed-query-selector": "^2.12.2", "webdriver-bidi-protocol": "0.4.2", "ws": "^8.21.0" } }, "sha512-jKzy5y4WG6uNuFbTWgW1D7mqoT9o0nllc/6a1DGF775T1mPmgw3scdFEtEq67yVFikavQmbYq6NLfbTfxHSlqQ=="],

    "range-parser": ["range-parser@1.2.1", "", {}, "sha512-Hrgsx+orqoygnmhFbKaHE6c296J+HTAQXoxEF6gNupROmmGJRoyzfG3ccAveqCBrwr/2yxQ5BVd/GTl5agOwSg=="],

    "regexparam": ["regexparam@3.0.0", "", {}, "sha512-RSYAtP31mvYLkAHrOlh25pCNQ5hWnT106VukGaaFfuJrZFkGRX5GhUAdPqpSDXxOhA2c4akmRuplv1mRqnBn6Q=="],

    "require-directory": ["require-directory@2.1.1", "", {}, "sha512-fGxEI7+wsG9xrvdjsrlmL22OMTTiHRwAMroiEeMgq8gzoLC/PQr7RsRDSTLUg/bZAZtF+TVIkHc6/4RIKrui+Q=="],

    "safe-buffer": ["safe-buffer@5.2.1", "", {}, "sha512-rp3So07KcdmmKbGvgaNxQSJr7bGVSVk5S9Eq1F+ppbRo70+YeaDxkw5Dd8NPN+GD6bjnYm2VuPuCXmpuYvmCXQ=="],

    "send": ["send@1.2.1", "", { "dependencies": { "debug": "^4.4.3", "encodeurl": "^2.0.0", "escape-html": "^1.0.3", "etag": "^1.8.1", "fresh": "^2.0.0", "http-errors": "^2.0.1", "mime-types": "^3.0.2", "ms": "^2.1.3", "on-finished": "^2.4.1", "range-parser": "^1.2.1", "statuses": "^2.0.2" } }, "sha512-1gnZf7DFcoIcajTjTwjwuDjzuz4PPcY2StKPlsGAQ1+YH20IRVrBaXSWmdjowTJ6u8Rc01PoYOGHXfP1mYcZNQ=="],

    "serve-static": ["serve-static@2.2.1", "", { "dependencies": { "encodeurl": "^2.0.0", "escape-html": "^1.0.3", "parseurl": "^1.3.3", "send": "^1.2.0" } }, "sha512-xRXBn0pPqQTVQiC8wyQrKs2MOlX24zQ0POGaj0kultvoOCstBQM5yvOhAVSUwOMjQtTvsPWoNCHfPGwaaQJhTw=="],

    "setprototypeof": ["setprototypeof@1.2.0", "", {}, "sha512-E5LDX7Wrp85Kil5bhZv46j8jOeboKq5JMmYM3gVGdGH8xFpPWXUMsNrlODCrkoxMEeNi/XZIwuRvY4XNwYMJpw=="],

    "statuses": ["statuses@2.0.2", "", {}, "sha512-DvEy55V3DB7uknRo+4iOGT5fP1slR8wQohVdknigZPMpMstaKJQWhwiYBACJE3Ul2pTnATihhBYnRhZQHGBiRw=="],

    "steno": ["steno@4.0.2", "", {}, "sha512-yhPIQXjrlt1xv7dyPQg2P17URmXbuM5pdGkpiMB3RenprfiBlvK415Lctfe0eshk90oA7/tNq7WEiMK8RSP39A=="],

    "string-width": ["string-width@4.2.3", "", { "dependencies": { "emoji-regex": "^8.0.0", "is-fullwidth-code-point": "^3.0.0", "strip-ansi": "^6.0.1" } }, "sha512-wKyQRQpjJ0sIp62ErSZdGsjMJWsap5oRNihHhu6G7JVO/9jIB6UyevL+tXuOqrng8j/cxKTWyWUwvSTriiZz/g=="],

    "strip-ansi": ["strip-ansi@6.0.1", "", { "dependencies": { "ansi-regex": "^5.0.1" } }, "sha512-Y38VPSHcqkFrCpFnQ9vuSXmquuv5oXOKpGeT6aGrr3o3Gc9AlVa6JBfUSOCnbxGGZF+/0ooI7KrPuUSztUdU5A=="],

    "tinypool": ["tinypool@2.1.0", "", {}, "sha512-Pugqs6M0m7Lv1I7FtxN4aoyToKg1C4tu+/381vH35y8oENM/Ai7f7C4StcoK4/+BSw9ebcS8jRiVrORFKCALLw=="],

    "toidentifier": ["toidentifier@1.0.1", "", {}, "sha512-o5sSPKEkg/DIQNmH43V0/uerLrpzVedkUh8tGNvaeXpfpuwjKenlSox/2O/BTlZUtEe+JG7s5YhEz608PlAHRA=="],

    "trouter": ["trouter@4.0.0", "", { "dependencies": { "regexparam": "^3.0.0" } }, "sha512-bwwr76BThfiVwAFZqks5cJ+VoKNM3/2Yg1ZwJslkdmAUQ6S0UNoCoGYFDxdw+u1skfexggdmD2p35kW5Td4Cug=="],

    "typed-query-selector": ["typed-query-selector@2.12.2", "", {}, "sha512-EOPFbyIub4ngnEdqi2yOcNeDLaX/0jcE1JoAXQDDMIthap7FoN795lc/SHfIq2d416VufXpM8z/lD+WRm2gfOQ=="],

    "vary": ["vary@1.1.2", "", {}, "sha512-BNGbWLfd0eUPabhkXUVm0j8uuvREyTh5ovRa/dyow/BqAbZJyC+5fU+IzQOzmAKzYqYRAISoRhdQr3eIZ/PXqg=="],

    "webdriver-bidi-protocol": ["webdriver-bidi-protocol@0.4.2", "", {}, "sha512-VSV+fzfChirL3e7jay2yUC7B4HQCGtEWEg/MSSQbK+qWbqeGlRLlXTzPpYr3XGUvbpDHumWZBJxgesg4N7dbtA=="],

    "wrap-ansi": ["wrap-ansi@7.0.0", "", { "dependencies": { "ansi-styles": "^4.0.0", "string-width": "^4.1.0", "strip-ansi": "^6.0.0" } }, "sha512-YVGIj2kamLSTxw6NsZjoBxfSwsn0ycdesmc4p+Q21c5zPuZ1pl+NfxVdxPtdHvmNVOQ6XSYG4AUtyt/Fi7D16Q=="],

    "ws": ["ws@8.21.0", "", { "peerDependencies": { "bufferutil": "^4.0.1", "utf-8-validate": ">=5.0.2" }, "optionalPeers": ["bufferutil", "utf-8-validate"] }, "sha512-Vsp28b7DRcimFQvrqu2Wek3z1iYxDCWqHYB8Qsnk/S4RfaCQzPGPyBNuVjJV3cd6UiKtUtp6sNM77gWvzcCH+g=="],

    "y18n": ["y18n@5.0.8", "", {}, "sha512-0pfFzegeDWJHJIAmTLRP2DwHjdF5s7jo9tuztdQxAhINCdvS+3nGINqPd00AphqJR/0LhANUS6/+7SCb98YOfA=="],

    "yargs": ["yargs@17.7.2", "", { "dependencies": { "cliui": "^8.0.1", "escalade": "^3.1.1", "get-caller-file": "^2.0.5", "require-directory": "^2.1.1", "string-width": "^4.2.3", "y18n": "^5.0.5", "yargs-parser": "^21.1.1" } }, "sha512-7dSzzRQ++CKnNI/krKnYRV7JKKPUXMEh61soaHKg9mrWEhzFWhFnxPxGl+69cD1Ou63C13NUPCnmIcrvqCuM6w=="],

    "yargs-parser": ["yargs-parser@21.1.1", "", {}, "sha512-tVpsJW7DdjecAiFpbIB1e3qxIQsE6NoPc5/eTdrbbIC4h0LVsWhnoa3g+m2HclBIujHzsxZ4VJVA+GUuc2/LBw=="],

    "zod": ["zod@3.25.76", "", {}, "sha512-gzUt/qt81nXsFGKIFcC3YnfEAx5NkunCfnDlvuBSSFS02bcXu4Lmea0AFIUwbLWxWPx3d9p8S5QoaujKcNQxcQ=="],

    "send/debug": ["debug@4.4.3", "", { "dependencies": { "ms": "^2.1.3" } }, "sha512-RGwwWnwQvkVfavKVt22FGLw+xYSdzARwm0ru6DhTVA3umU5hZc28V3kO4stgYryrTlLpuvgI9GiijltAjNbcqA=="],

    "send/ms": ["ms@2.1.3", "", {}, "sha512-6FlzubTLZG3J2a/NVCAleEhjzq5oxgHyaCU9yYXvcLsvoVaHJq/s5xXI6/XXP6tz7R9xAOtHnSO/tXtF3WRTlA=="],
  }
}
